{
  "name": "xstream-store",
  "version": "0.0.0",
  "lockfileVersion": 1,
  "requires": true,
  "dependencies": {
    "symbol-observable": {
      "version": "1.2.0",
      "resolved": "https://registry.npmjs.org/symbol-observable/-/symbol-observable-1.2.0.tgz",
      "integrity": "sha512-e900nM8RRtGhlV36KGEU9k65K3mPb1WV70OdjfxlG2EAuM1noi/E/BaW/uMhL7bPEssK8QV57vN3esixjUvcXQ=="
    },
    "xstream": {
      "version": "11.3.0",
      "resolved": "https://registry.npmjs.org/xstream/-/xstream-11.3.0.tgz",
      "integrity": "sha512-TCI3SRiqcB8XXbiHXAc53kkI9npanu2RqB4FBfbmM2vf035Sf7rBs+36OEt4Ve70Xx5mPuMaT0F/vpW+ix4bzw==",
      "requires": {
        "symbol-observable": "1.2.0"
      }
    }
  }
}
